
Microsoft Visual Studio Solution File, Format Version 12.00
# Visual Studio Version 17
VisualStudioVersion = 17.0.31903.59
MinimumVisualStudioVersion = 10.0.40219.1
Project("{FAE04EC0-301F-11D3-BF4B-00C04F79EFBC}") = "Rabbit.API", "Rabbit.API\Rabbit.API.csproj", "{1574020E-A134-47B3-AB73-687BE8FF0E19}"
EndProject
Project("{FAE04EC0-301F-11D3-BF4B-00C04F79EFBC}") = "Rabbit.Consumer", "Rabbit.Consumer\Rabbit.Consumer.csproj", "{795CF6AF-574D-4BE6-999F-084E50CA22DF}"
EndProject
Global
	GlobalSection(SolutionConfigurationPlatforms) = preSolution
		Debug|Any CPU = Debug|Any CPU
		Release|Any CPU = Release|Any CPU
	EndGlobalSection
	GlobalSection(SolutionProperties) = preSolution
		HideSolutionNode = FALSE
	EndGlobalSection
	GlobalSection(ProjectConfigurationPlatforms) = postSolution
		{1574020E-A134-47B3-AB73-687BE8FF0E19}.Debug|Any CPU.ActiveCfg = Debug|Any CPU
		{1574020E-A134-47B3-AB73-687BE8FF0E19}.Debug|Any CPU.Build.0 = Debug|Any CPU
		{1574020E-A134-47B3-AB73-687BE8FF0E19}.Release|Any CPU.ActiveCfg = Release|Any CPU
		{1574020E-A134-47B3-AB73-687BE8FF0E19}.Release|Any CPU.Build.0 = Release|Any CPU
		{795CF6AF-574D-4BE6-999F-084E50CA22DF}.Debug|Any CPU.ActiveCfg = Debug|Any CPU
		{795CF6AF-574D-4BE6-999F-084E50CA22DF}.Debug|Any CPU.Build.0 = Debug|Any CPU
		{795CF6AF-574D-4BE6-999F-084E50CA22DF}.Release|Any CPU.ActiveCfg = Release|Any CPU
		{795CF6AF-574D-4BE6-999F-084E50CA22DF}.Release|Any CPU.Build.0 = Release|Any CPU
	EndGlobalSection
EndGlobal
